
Microsoft Visual Studio Solution File, Format Version 12.00
# Visual Studio 15
Project("{FAE04EC0-301F-11D3-BF4B-00C04F79EFBC}") = "Unity.ML-Agents", "Unity.ML-Agents.csproj", "{410E5769-2653-2BFD-B104-CCB28DC0E0D8}"
EndProject
Project("{FAE04EC0-301F-11D3-BF4B-00C04F79EFBC}") = "Unity.ML-Agents.CommunicatorObjects", "Unity.ML-Agents.CommunicatorObjects.csproj", "{CE7BF071-4616-C776-F9B7-DD3D77529946}"
EndProject
Project("{FAE04EC0-301F-11D3-BF4B-00C04F79EFBC}") = "Assembly-CSharp", "Assembly-CSharp.csproj", "{4805F756-8848-7F93-16E5-D5C092057D1E}"
EndProject
Project("{FAE04EC0-301F-11D3-BF4B-00C04F79EFBC}") = "Unity.ML-Agents.Editor", "Unity.ML-Agents.Editor.csproj", "{14763C93-22A4-4AB0-26BB-FE2F3C334AF1}"
EndProject
Global
	GlobalSection(SolutionConfigurationPlatforms) = preSolution
		Debug|Any CPU = Debug|Any CPU
		Release|Any CPU = Release|Any CPU
	EndGlobalSection
	GlobalSection(ProjectConfigurationPlatforms) = postSolution
		{410E5769-2653-2BFD-B104-CCB28DC0E0D8}.Debug|Any CPU.ActiveCfg = Debug|Any CPU
		{410E5769-2653-2BFD-B104-CCB28DC0E0D8}.Debug|Any CPU.Build.0 = Debug|Any CPU
		{410E5769-2653-2BFD-B104-CCB28DC0E0D8}.Release|Any CPU.ActiveCfg = Release|Any CPU
		{410E5769-2653-2BFD-B104-CCB28DC0E0D8}.Release|Any CPU.Build.0 = Release|Any CPU
		{CE7BF071-4616-C776-F9B7-DD3D77529946}.Debug|Any CPU.ActiveCfg = Debug|Any CPU
		{CE7BF071-4616-C776-F9B7-DD3D77529946}.Debug|Any CPU.Build.0 = Debug|Any CPU
		{CE7BF071-4616-C776-F9B7-DD3D77529946}.Release|Any CPU.ActiveCfg = Release|Any CPU
		{CE7BF071-4616-C776-F9B7-DD3D77529946}.Release|Any CPU.Build.0 = Release|Any CPU
		{4805F756-8848-7F93-16E5-D5C092057D1E}.Debug|Any CPU.ActiveCfg = Debug|Any CPU
		{4805F756-8848-7F93-16E5-D5C092057D1E}.Debug|Any CPU.Build.0 = Debug|Any CPU
		{4805F756-8848-7F93-16E5-D5C092057D1E}.Release|Any CPU.ActiveCfg = Release|Any CPU
		{4805F756-8848-7F93-16E5-D5C092057D1E}.Release|Any CPU.Build.0 = Release|Any CPU
		{14763C93-22A4-4AB0-26BB-FE2F3C334AF1}.Debug|Any CPU.ActiveCfg = Debug|Any CPU
		{14763C93-22A4-4AB0-26BB-FE2F3C334AF1}.Debug|Any CPU.Build.0 = Debug|Any CPU
		{14763C93-22A4-4AB0-26BB-FE2F3C334AF1}.Release|Any CPU.ActiveCfg = Release|Any CPU
		{14763C93-22A4-4AB0-26BB-FE2F3C334AF1}.Release|Any CPU.Build.0 = Release|Any CPU
	EndGlobalSection
	GlobalSection(SolutionProperties) = preSolution
		HideSolutionNode = FALSE
	EndGlobalSection
EndGlobal
